
Microsoft Visual Studio Solution File, Format Version 12.00
Project("{FAE04EC0-301F-11D3-BF4B-00C04F79EFBC}") = "Todos.Domain", "Todos.Domain\Todos.Domain.csproj", "{898174CD-074A-4ABC-B6D4-0D2688EEC112}"
EndProject
Project("{FAE04EC0-301F-11D3-BF4B-00C04F79EFBC}") = "Todos.Domain.Tests", "Todos.Domain.Tests\Todos.Domain.Tests.csproj", "{5931C6C3-496C-403F-872F-337750363978}"
EndProject
Global
	GlobalSection(SolutionConfigurationPlatforms) = preSolution
		Debug|Any CPU = Debug|Any CPU
		Release|Any CPU = Release|Any CPU
	EndGlobalSection
	GlobalSection(ProjectConfigurationPlatforms) = postSolution
		{898174CD-074A-4ABC-B6D4-0D2688EEC112}.Debug|Any CPU.ActiveCfg = Debug|Any CPU
		{898174CD-074A-4ABC-B6D4-0D2688EEC112}.Debug|Any CPU.Build.0 = Debug|Any CPU
		{898174CD-074A-4ABC-B6D4-0D2688EEC112}.Release|Any CPU.ActiveCfg = Release|Any CPU
		{898174CD-074A-4ABC-B6D4-0D2688EEC112}.Release|Any CPU.Build.0 = Release|Any CPU
		{5931C6C3-496C-403F-872F-337750363978}.Debug|Any CPU.ActiveCfg = Debug|Any CPU
		{5931C6C3-496C-403F-872F-337750363978}.Debug|Any CPU.Build.0 = Debug|Any CPU
		{5931C6C3-496C-403F-872F-337750363978}.Release|Any CPU.ActiveCfg = Release|Any CPU
		{5931C6C3-496C-403F-872F-337750363978}.Release|Any CPU.Build.0 = Release|Any CPU
	EndGlobalSection
EndGlobal
